
Microsoft Visual Studio Solution File, Format Version 12.00
# Visual Studio Version 17
VisualStudioVersion = 17.7.34018.315
MinimumVisualStudioVersion = 10.0.40219.1
Project("{FAE04EC0-301F-11D3-BF4B-00C04F79EFBC}") = "PScan", "PScan\PScan.csproj", "{91AD7C23-6CEC-46EC-970E-485436A0BC8F}"
EndProject
Global
	GlobalSection(SolutionConfigurationPlatforms) = preSolution
		Debug|Any CPU = Debug|Any CPU
		Release|Any CPU = Release|Any CPU
	EndGlobalSection
	GlobalSection(ProjectConfigurationPlatforms) = postSolution
		{91AD7C23-6CEC-46EC-970E-485436A0BC8F}.Debug|Any CPU.ActiveCfg = Debug|Any CPU
		{91AD7C23-6CEC-46EC-970E-485436A0BC8F}.Debug|Any CPU.Build.0 = Debug|Any CPU
		{91AD7C23-6CEC-46EC-970E-485436A0BC8F}.Release|Any CPU.ActiveCfg = Release|Any CPU
		{91AD7C23-6CEC-46EC-970E-485436A0BC8F}.Release|Any CPU.Build.0 = Release|Any CPU
	EndGlobalSection
	GlobalSection(SolutionProperties) = preSolution
		HideSolutionNode = FALSE
	EndGlobalSection
	GlobalSection(ExtensibilityGlobals) = postSolution
		SolutionGuid = {26C8E58C-F9C3-4E40-B515-6EE59FDF8207}
	EndGlobalSection
EndGlobal
